
Microsoft Visual Studio Solution File, Format Version 11.00
# Visual Basic Express 2010
Project("{F184B08F-C81C-45F6-A57F-5ABD9991F28F}") = "ShiangBaDo香巴朵戰記_單機DEMO", "ShiangBaDo香巴朵戰記_單機DEMO.vbproj", "{BC263B64-EEDC-4F8C-A1E0-A3AB1E3D5736}"
EndProject
Global
	GlobalSection(SolutionConfigurationPlatforms) = preSolution
		Debug|x86 = Debug|x86
		Release|x86 = Release|x86
	EndGlobalSection
	GlobalSection(ProjectConfigurationPlatforms) = postSolution
		{BC263B64-EEDC-4F8C-A1E0-A3AB1E3D5736}.Debug|x86.ActiveCfg = Debug|x86
		{BC263B64-EEDC-4F8C-A1E0-A3AB1E3D5736}.Debug|x86.Build.0 = Debug|x86
		{BC263B64-EEDC-4F8C-A1E0-A3AB1E3D5736}.Release|x86.ActiveCfg = Release|x86
		{BC263B64-EEDC-4F8C-A1E0-A3AB1E3D5736}.Release|x86.Build.0 = Release|x86
	EndGlobalSection
	GlobalSection(SolutionProperties) = preSolution
		HideSolutionNode = FALSE
	EndGlobalSection
EndGlobal
